
Microsoft Visual Studio Solution File, Format Version 12.00
# Visual Studio Version 16
VisualStudioVersion = 16.0.29613.14
MinimumVisualStudioVersion = 10.0.40219.1
Project("{FAE04EC0-301F-11D3-BF4B-00C04F79EFBC}") = "GPLApplication", "GPLApplication\GPLApplication.csproj", "{E3FAD901-08CA-423C-977B-CB25D123A03E}"
EndProject
Project("{FAE04EC0-301F-11D3-BF4B-00C04F79EFBC}") = "GPLUnitTest1", "GPLTest1\GPLUnitTest1.csproj", "{3366A641-9515-4835-8822-4C354F2FFE02}"
	ProjectSection(ProjectDependencies) = postProject
		{E3FAD901-08CA-423C-977B-CB25D123A03E} = {E3FAD901-08CA-423C-977B-CB25D123A03E}
	EndProjectSection
EndProject
Global
	GlobalSection(SolutionConfigurationPlatforms) = preSolution
		Debug|Any CPU = Debug|Any CPU
		Release|Any CPU = Release|Any CPU
	EndGlobalSection
	GlobalSection(ProjectConfigurationPlatforms) = postSolution
		{E3FAD901-08CA-423C-977B-CB25D123A03E}.Debug|Any CPU.ActiveCfg = Debug|Any CPU
		{E3FAD901-08CA-423C-977B-CB25D123A03E}.Debug|Any CPU.Build.0 = Debug|Any CPU
		{E3FAD901-08CA-423C-977B-CB25D123A03E}.Release|Any CPU.ActiveCfg = Release|Any CPU
		{E3FAD901-08CA-423C-977B-CB25D123A03E}.Release|Any CPU.Build.0 = Release|Any CPU
		{3366A641-9515-4835-8822-4C354F2FFE02}.Debug|Any CPU.ActiveCfg = Debug|Any CPU
		{3366A641-9515-4835-8822-4C354F2FFE02}.Debug|Any CPU.Build.0 = Debug|Any CPU
		{3366A641-9515-4835-8822-4C354F2FFE02}.Release|Any CPU.ActiveCfg = Release|Any CPU
		{3366A641-9515-4835-8822-4C354F2FFE02}.Release|Any CPU.Build.0 = Release|Any CPU
	EndGlobalSection
	GlobalSection(SolutionProperties) = preSolution
		HideSolutionNode = FALSE
	EndGlobalSection
	GlobalSection(ExtensibilityGlobals) = postSolution
		SolutionGuid = {02B843F7-655A-4543-AF00-00DE735214C7}
	EndGlobalSection
EndGlobal
